
Microsoft Visual Studio Solution File, Format Version 12.00
# Visual Studio Version 17
VisualStudioVersion = 17.3.32929.385
MinimumVisualStudioVersion = 10.0.40219.1
Project("{2150E333-8FDC-42A3-9474-1A3956D46DE8}") = "CommonFiles", "CommonFiles", "{58F51D66-1305-4436-8AD8-94904DBA6747}"
	ProjectSection(SolutionItems) = preProject
		common\appsettings.json = common\appsettings.json
	EndProjectSection
EndProject
Project("{9A19103F-16F7-4668-BE54-9A1E7A4F7556}") = "IdentityServerSample.IdentityApi", "src\IdentityServerSample.IdentityApi\IdentityServerSample.IdentityApi.csproj", "{C7B04470-98B4-4A37-879A-216F5EC3C9FA}"
EndProject
Project("{9A19103F-16F7-4668-BE54-9A1E7A4F7556}") = "IdentityServerSample.Test", "src\IdentityServerSample.Test\IdentityServerSample.Test.csproj", "{A7623FB5-4981-487B-97EB-8AE9073D350A}"
EndProject
Project("{9A19103F-16F7-4668-BE54-9A1E7A4F7556}") = "IdentityServerSample.WebApi", "src\IdentityServerSample.WebApi\IdentityServerSample.WebApi.csproj", "{0528B597-346C-4E27-A141-8556D011411B}"
EndProject
Global
	GlobalSection(SolutionConfigurationPlatforms) = preSolution
		Debug|Any CPU = Debug|Any CPU
		Release|Any CPU = Release|Any CPU
	EndGlobalSection
	GlobalSection(ProjectConfigurationPlatforms) = postSolution
		{0528B597-346C-4E27-A141-8556D011411B}.Debug|Any CPU.ActiveCfg = Debug|Any CPU
		{0528B597-346C-4E27-A141-8556D011411B}.Debug|Any CPU.Build.0 = Debug|Any CPU
		{0528B597-346C-4E27-A141-8556D011411B}.Release|Any CPU.ActiveCfg = Release|Any CPU
		{0528B597-346C-4E27-A141-8556D011411B}.Release|Any CPU.Build.0 = Release|Any CPU
		{C7B04470-98B4-4A37-879A-216F5EC3C9FA}.Debug|Any CPU.ActiveCfg = Debug|Any CPU
		{C7B04470-98B4-4A37-879A-216F5EC3C9FA}.Debug|Any CPU.Build.0 = Debug|Any CPU
		{C7B04470-98B4-4A37-879A-216F5EC3C9FA}.Release|Any CPU.ActiveCfg = Release|Any CPU
		{C7B04470-98B4-4A37-879A-216F5EC3C9FA}.Release|Any CPU.Build.0 = Release|Any CPU
		{A7623FB5-4981-487B-97EB-8AE9073D350A}.Debug|Any CPU.ActiveCfg = Debug|Any CPU
		{A7623FB5-4981-487B-97EB-8AE9073D350A}.Debug|Any CPU.Build.0 = Debug|Any CPU
		{A7623FB5-4981-487B-97EB-8AE9073D350A}.Release|Any CPU.ActiveCfg = Release|Any CPU
		{A7623FB5-4981-487B-97EB-8AE9073D350A}.Release|Any CPU.Build.0 = Release|Any CPU
	EndGlobalSection
	GlobalSection(SolutionProperties) = preSolution
		HideSolutionNode = FALSE
	EndGlobalSection
	GlobalSection(ExtensibilityGlobals) = postSolution
		SolutionGuid = {5AA25079-5DDC-4114-AACA-072613688DBF}
	EndGlobalSection
EndGlobal
