
Microsoft Visual Studio Solution File, Format Version 12.00
# Visual Studio Version 17
VisualStudioVersion = 17.3.32929.385
MinimumVisualStudioVersion = 10.0.40219.1
Project("{9A19103F-16F7-4668-BE54-9A1E7A4F7556}") = "IdentityServerSample.Test", "test\IdentityServerSample.Test\IdentityServerSample.Test.csproj", "{A7623FB5-4981-487B-97EB-8AE9073D350A}"
EndProject
Project("{9A19103F-16F7-4668-BE54-9A1E7A4F7556}") = "IdentityServerSample.WebApi", "src\IdentityServerSample.WebApi\IdentityServerSample.WebApi.csproj", "{905A8F00-0817-4E86-9059-A444C52D0A47}"
EndProject
Project("{9A19103F-16F7-4668-BE54-9A1E7A4F7556}") = "IdentityServerSample.IdentityApp", "src\IdentityServerSample.IdentityApp\IdentityServerSample.IdentityApp.csproj", "{B11EADD7-E3D7-499C-BDC7-D1004642CD2E}"
EndProject
Project("{54A90642-561A-4BB1-A94E-469ADEE60C69}") = "identity-server-sample-web-app", "src\identity-server-sample-web-app\identity-server-sample-web-app.esproj", "{23AE339B-5E9E-4D9D-B7C5-A58D037130F5}"
EndProject
Project("{FAE04EC0-301F-11D3-BF4B-00C04F79EFBC}") = "IdentityServerSample.ApplicationCore", "src\IdentityServerSample.ApplicationCore\IdentityServerSample.ApplicationCore.csproj", "{4916B929-8FA8-4881-9343-64C523BA4CEE}"
EndProject
Global
	GlobalSection(SolutionConfigurationPlatforms) = preSolution
		Debug|Any CPU = Debug|Any CPU
		Release|Any CPU = Release|Any CPU
	EndGlobalSection
	GlobalSection(ProjectConfigurationPlatforms) = postSolution
		{A7623FB5-4981-487B-97EB-8AE9073D350A}.Debug|Any CPU.ActiveCfg = Debug|Any CPU
		{A7623FB5-4981-487B-97EB-8AE9073D350A}.Debug|Any CPU.Build.0 = Debug|Any CPU
		{A7623FB5-4981-487B-97EB-8AE9073D350A}.Release|Any CPU.ActiveCfg = Release|Any CPU
		{A7623FB5-4981-487B-97EB-8AE9073D350A}.Release|Any CPU.Build.0 = Release|Any CPU
		{905A8F00-0817-4E86-9059-A444C52D0A47}.Debug|Any CPU.ActiveCfg = Debug|Any CPU
		{905A8F00-0817-4E86-9059-A444C52D0A47}.Debug|Any CPU.Build.0 = Debug|Any CPU
		{905A8F00-0817-4E86-9059-A444C52D0A47}.Release|Any CPU.ActiveCfg = Release|Any CPU
		{905A8F00-0817-4E86-9059-A444C52D0A47}.Release|Any CPU.Build.0 = Release|Any CPU
		{B11EADD7-E3D7-499C-BDC7-D1004642CD2E}.Debug|Any CPU.ActiveCfg = Debug|Any CPU
		{B11EADD7-E3D7-499C-BDC7-D1004642CD2E}.Debug|Any CPU.Build.0 = Debug|Any CPU
		{B11EADD7-E3D7-499C-BDC7-D1004642CD2E}.Release|Any CPU.ActiveCfg = Release|Any CPU
		{B11EADD7-E3D7-499C-BDC7-D1004642CD2E}.Release|Any CPU.Build.0 = Release|Any CPU
		{23AE339B-5E9E-4D9D-B7C5-A58D037130F5}.Debug|Any CPU.ActiveCfg = Debug|Any CPU
		{23AE339B-5E9E-4D9D-B7C5-A58D037130F5}.Debug|Any CPU.Build.0 = Debug|Any CPU
		{23AE339B-5E9E-4D9D-B7C5-A58D037130F5}.Debug|Any CPU.Deploy.0 = Debug|Any CPU
		{23AE339B-5E9E-4D9D-B7C5-A58D037130F5}.Release|Any CPU.ActiveCfg = Release|Any CPU
		{23AE339B-5E9E-4D9D-B7C5-A58D037130F5}.Release|Any CPU.Build.0 = Release|Any CPU
		{23AE339B-5E9E-4D9D-B7C5-A58D037130F5}.Release|Any CPU.Deploy.0 = Release|Any CPU
		{4916B929-8FA8-4881-9343-64C523BA4CEE}.Debug|Any CPU.ActiveCfg = Debug|Any CPU
		{4916B929-8FA8-4881-9343-64C523BA4CEE}.Debug|Any CPU.Build.0 = Debug|Any CPU
		{4916B929-8FA8-4881-9343-64C523BA4CEE}.Release|Any CPU.ActiveCfg = Release|Any CPU
		{4916B929-8FA8-4881-9343-64C523BA4CEE}.Release|Any CPU.Build.0 = Release|Any CPU
	EndGlobalSection
	GlobalSection(SolutionProperties) = preSolution
		HideSolutionNode = FALSE
	EndGlobalSection
	GlobalSection(ExtensibilityGlobals) = postSolution
		SolutionGuid = {5AA25079-5DDC-4114-AACA-072613688DBF}
	EndGlobalSection
EndGlobal
